
Microsoft Visual Studio Solution File, Format Version 12.00
# Visual Studio 15
VisualStudioVersion = 15.0.28307.329
MinimumVisualStudioVersion = 10.0.40219.1
Project("{FAE04EC0-301F-11D3-BF4B-00C04F79EFBC}") = "ConsoleApp12", "ConsoleApp12\ConsoleApp12.csproj", "{53021D71-03B9-4760-AE27-AF5A0940E280}"
EndProject
Global
	GlobalSection(SolutionConfigurationPlatforms) = preSolution
		Debug|Any CPU = Debug|Any CPU
		Release|Any CPU = Release|Any CPU
	EndGlobalSection
	GlobalSection(ProjectConfigurationPlatforms) = postSolution
		{53021D71-03B9-4760-AE27-AF5A0940E280}.Debug|Any CPU.ActiveCfg = Debug|Any CPU
		{53021D71-03B9-4760-AE27-AF5A0940E280}.Debug|Any CPU.Build.0 = Debug|Any CPU
		{53021D71-03B9-4760-AE27-AF5A0940E280}.Release|Any CPU.ActiveCfg = Release|Any CPU
		{53021D71-03B9-4760-AE27-AF5A0940E280}.Release|Any CPU.Build.0 = Release|Any CPU
	EndGlobalSection
	GlobalSection(SolutionProperties) = preSolution
		HideSolutionNode = FALSE
	EndGlobalSection
	GlobalSection(ExtensibilityGlobals) = postSolution
		SolutionGuid = {74571E69-A822-45BB-9123-875690FEB5D0}
	EndGlobalSection
EndGlobal
